
Microsoft Visual Studio Solution File, Format Version 12.00
# Visual Studio Version 16
VisualStudioVersion = 16.0.31624.102
MinimumVisualStudioVersion = 10.0.40219.1
Project("{FAE04EC0-301F-11D3-BF4B-00C04F79EFBC}") = "dashboardscrud", "dashboardscrud\dashboardscrud.csproj", "{A6D3717D-672F-4FE6-B730-CFE93C13A3EB}"
EndProject
Global
	GlobalSection(SolutionConfigurationPlatforms) = preSolution
		Debug|Any CPU = Debug|Any CPU
		Release|Any CPU = Release|Any CPU
	EndGlobalSection
	GlobalSection(ProjectConfigurationPlatforms) = postSolution
		{A6D3717D-672F-4FE6-B730-CFE93C13A3EB}.Debug|Any CPU.ActiveCfg = Debug|Any CPU
		{A6D3717D-672F-4FE6-B730-CFE93C13A3EB}.Debug|Any CPU.Build.0 = Debug|Any CPU
		{A6D3717D-672F-4FE6-B730-CFE93C13A3EB}.Release|Any CPU.ActiveCfg = Release|Any CPU
		{A6D3717D-672F-4FE6-B730-CFE93C13A3EB}.Release|Any CPU.Build.0 = Release|Any CPU
	EndGlobalSection
	GlobalSection(SolutionProperties) = preSolution
		HideSolutionNode = FALSE
	EndGlobalSection
	GlobalSection(ExtensibilityGlobals) = postSolution
		SolutionGuid = {E7020F3D-F532-4672-BBF7-BF272C892495}
	EndGlobalSection
EndGlobal
